// !$*UTF8*$!
{
	archiveVersion = 1;
	classes = {
	};
	objectVersion = 51;
	objects = {

/* Begin PBXBuildFile section */
		3F1161AA269F4E5900EBEB8E /* Forist_Test_SwiftUIApp.swift in Sources */ = {isa = PBXBuildFile; fileRef = 3F1161A9269F4E5900EBEB8E /* Forist_Test_SwiftUIApp.swift */; };
		3F1161AC269F4E5900EBEB8E /* MotherView.swift in Sources */ = {isa = PBXBuildFile; fileRef = 3F1161AB269F4E5900EBEB8E /* MotherView.swift */; };
		3F1161AE269F4E5900EBEB8E /* Assets.xcassets in Resources */ = {isa = PBXBuildFile; fileRef = 3F1161AD269F4E5900EBEB8E /* Assets.xcassets */; };
		3F1161B1269F4E5900EBEB8E /* Preview Assets.xcassets in Resources */ = {isa = PBXBuildFile; fileRef = 3F1161B0269F4E5900EBEB8E /* Preview Assets.xcassets */; };
		3F26B4DE26AF153D00AEBA59 /* ChangePasswordView.swift in Sources */ = {isa = PBXBuildFile; fileRef = 3F26B4DD26AF153D00AEBA59 /* ChangePasswordView.swift */; };
		3F26B4E026AF154900AEBA59 /* ChangeProfileImageView.swift in Sources */ = {isa = PBXBuildFile; fileRef = 3F26B4DF26AF154900AEBA59 /* ChangeProfileImageView.swift */; };
		3F26B4E426AF238C00AEBA59 /* ChangeBioView.swift in Sources */ = {isa = PBXBuildFile; fileRef = 3F26B4E326AF238C00AEBA59 /* ChangeBioView.swift */; };
		3F26B4E626B09F8E00AEBA59 /* AccountSettingsManager.swift in Sources */ = {isa = PBXBuildFile; fileRef = 3F26B4E526B09F8E00AEBA59 /* AccountSettingsManager.swift */; };
		3F35BDDB26BC0FE000BB3A93 /* ChatroomManager.swift in Sources */ = {isa = PBXBuildFile; fileRef = 3F35BDDA26BC0FE000BB3A93 /* ChatroomManager.swift */; };
		3F35BDDF26C014B300BB3A93 /* NewMessagePopupView.swift in Sources */ = {isa = PBXBuildFile; fileRef = 3F35BDDE26C014B300BB3A93 /* NewMessagePopupView.swift */; };
		3F35BDE226C02C5F00BB3A93 /* MessagesManager.swift in Sources */ = {isa = PBXBuildFile; fileRef = 3F35BDE126C02C5F00BB3A93 /* MessagesManager.swift */; };
		3F35BDE526C0399E00BB3A93 /* MessageView.swift in Sources */ = {isa = PBXBuildFile; fileRef = 3F35BDE426C0399E00BB3A93 /* MessageView.swift */; };
		3F48F58D26A20F2F00379A50 /* ImagePicker.swift in Sources */ = {isa = PBXBuildFile; fileRef = 3F48F58C26A20F2F00379A50 /* ImagePicker.swift */; };
		3F48F58F26A32BBB00379A50 /* UserModel.swift in Sources */ = {isa = PBXBuildFile; fileRef = 3F48F58E26A32BBB00379A50 /* UserModel.swift */; };
		3F48F59126A32D8400379A50 /* Extensions.swift in Sources */ = {isa = PBXBuildFile; fileRef = 3F48F59026A32D8400379A50 /* Extensions.swift */; };
		3F48F59326A341DC00379A50 /* StorageManager.swift in Sources */ = {isa = PBXBuildFile; fileRef = 3F48F59226A341DC00379A50 /* StorageManager.swift */; };
		3F48F59526A341E500379A50 /* AuthManager.swift in Sources */ = {isa = PBXBuildFile; fileRef = 3F48F59426A341E500379A50 /* AuthManager.swift */; };
		3F48F59726A3761800379A50 /* GenderSelectionView.swift in Sources */ = {isa = PBXBuildFile; fileRef = 3F48F59626A3761800379A50 /* GenderSelectionView.swift */; };
		3F48F59C26A60DA500379A50 /* AccountCreationModel.swift in Sources */ = {isa = PBXBuildFile; fileRef = 3F48F59B26A60DA500379A50 /* AccountCreationModel.swift */; };
		3F48F5A126A7483500379A50 /* AlertModel.swift in Sources */ = {isa = PBXBuildFile; fileRef = 3F48F5A026A7483500379A50 /* AlertModel.swift */; };
		3F48F5A326A7584300379A50 /* GenderDictionaryModel.swift in Sources */ = {isa = PBXBuildFile; fileRef = 3F48F5A226A7584300379A50 /* GenderDictionaryModel.swift */; };
		3F4F7258269F537E00185C35 /* GoogleService-Info.plist in Resources */ = {isa = PBXBuildFile; fileRef = 3F4F7257269F537E00185C35 /* GoogleService-Info.plist */; };
		3F4F7260269F572600185C35 /* NavigationManager.swift in Sources */ = {isa = PBXBuildFile; fileRef = 3F4F725F269F572600185C35 /* NavigationManager.swift */; };
		3F4F7262269F73D300185C35 /* ProfileView.swift in Sources */ = {isa = PBXBuildFile; fileRef = 3F4F7261269F73D300185C35 /* ProfileView.swift */; };
		3F4F7264269F73E000185C35 /* LoginView.swift in Sources */ = {isa = PBXBuildFile; fileRef = 3F4F7263269F73E000185C35 /* LoginView.swift */; };
		3F4F7266269F73F500185C35 /* MessagesListView.swift in Sources */ = {isa = PBXBuildFile; fileRef = 3F4F7265269F73F500185C35 /* MessagesListView.swift */; };
		3F4F7269269F740600185C35 /* SearchView.swift in Sources */ = {isa = PBXBuildFile; fileRef = 3F4F7268269F740600185C35 /* SearchView.swift */; };
		3F4F726D269F74A300185C35 /* NotificationView.swift in Sources */ = {isa = PBXBuildFile; fileRef = 3F4F726C269F74A300185C35 /* NotificationView.swift */; };
		3F4F7270269F74FB00185C35 /* LoadView.swift in Sources */ = {isa = PBXBuildFile; fileRef = 3F4F726F269F74FB00185C35 /* LoadView.swift */; };
		3F4F7273269F756300185C35 /* TabBarView.swift in Sources */ = {isa = PBXBuildFile; fileRef = 3F4F7272269F756300185C35 /* TabBarView.swift */; };
		3F4F7277269F7A7100185C35 /* MenuButtonView.swift in Sources */ = {isa = PBXBuildFile; fileRef = 3F4F7276269F7A7100185C35 /* MenuButtonView.swift */; };
		3F4F727A269F7BE700185C35 /* ToggleVariablesModel.swift in Sources */ = {isa = PBXBuildFile; fileRef = 3F4F7279269F7BE700185C35 /* ToggleVariablesModel.swift */; };
		3F4F727C269F7ED100185C35 /* SideMenuHeaderView.swift in Sources */ = {isa = PBXBuildFile; fileRef = 3F4F727B269F7ED100185C35 /* SideMenuHeaderView.swift */; };
		3F4F727E269F7EE700185C35 /* SideMenuButtonsView.swift in Sources */ = {isa = PBXBuildFile; fileRef = 3F4F727D269F7EE700185C35 /* SideMenuButtonsView.swift */; };
		3F4F7280269F7FA100185C35 /* SideMenuView.swift in Sources */ = {isa = PBXBuildFile; fileRef = 3F4F727F269F7FA100185C35 /* SideMenuView.swift */; };
		3F4F7283269F87A800185C35 /* InfoPanelView.swift in Sources */ = {isa = PBXBuildFile; fileRef = 3F4F7282269F87A800185C35 /* InfoPanelView.swift */; };
		3F4F7285269F8DB900185C35 /* TagsPanelView.swift in Sources */ = {isa = PBXBuildFile; fileRef = 3F4F7284269F8DB900185C35 /* TagsPanelView.swift */; };
		3F4F7288269F8F7100185C35 /* TagSelectionView.swift in Sources */ = {isa = PBXBuildFile; fileRef = 3F4F7287269F8F7100185C35 /* TagSelectionView.swift */; };
		3F87E19D26A8B42E00F15671 /* Notes.swift in Sources */ = {isa = PBXBuildFile; fileRef = 3F87E19C26A8B42E00F15671 /* Notes.swift */; };
		3F87E19F26A9B28100F15671 /* ContentTagsModel.swift in Sources */ = {isa = PBXBuildFile; fileRef = 3F87E19E26A9B28100F15671 /* ContentTagsModel.swift */; };
		3F87E1A226A9D5A400F15671 /* SettingsView.swift in Sources */ = {isa = PBXBuildFile; fileRef = 3F87E1A126A9D5A400F15671 /* SettingsView.swift */; };
		3F87E1A426AB081200F15671 /* SearchManager.swift in Sources */ = {isa = PBXBuildFile; fileRef = 3F87E1A326AB081200F15671 /* SearchManager.swift */; };
		3F87E1A626AB0BC600F15671 /* SearchedUserModel.swift in Sources */ = {isa = PBXBuildFile; fileRef = 3F87E1A526AB0BC600F15671 /* SearchedUserModel.swift */; };
		3F87E1AB26AB808800F15671 /* SearchFilterView.swift in Sources */ = {isa = PBXBuildFile; fileRef = 3F87E1AA26AB808800F15671 /* SearchFilterView.swift */; };
		3F87E1AD26AB80C400F15671 /* CheckBoxView.swift in Sources */ = {isa = PBXBuildFile; fileRef = 3F87E1AC26AB80C400F15671 /* CheckBoxView.swift */; };
		3F8CFE1226C313320076A07F /* FilteredSearchManager.swift in Sources */ = {isa = PBXBuildFile; fileRef = 3F8CFE1126C313320076A07F /* FilteredSearchManager.swift */; };
		3F8CFE1426C46C4A0076A07F /* SearchFilterResultsView.swift in Sources */ = {isa = PBXBuildFile; fileRef = 3F8CFE1326C46C4A0076A07F /* SearchFilterResultsView.swift */; };
		3F8CFE1626C5B1EE0076A07F /* WebView.swift in Sources */ = {isa = PBXBuildFile; fileRef = 3F8CFE1526C5B1EE0076A07F /* WebView.swift */; };
		3F8CFE1826C5B3670076A07F /* WebPageView.swift in Sources */ = {isa = PBXBuildFile; fileRef = 3F8CFE1726C5B3670076A07F /* WebPageView.swift */; };
		3F8CFE1B26C6C22E0076A07F /* ChangeWebAddressView.swift in Sources */ = {isa = PBXBuildFile; fileRef = 3F8CFE1A26C6C22E0076A07F /* ChangeWebAddressView.swift */; };
		3F8CFE1D26C9947E0076A07F /* SearchProfileWebView.swift in Sources */ = {isa = PBXBuildFile; fileRef = 3F8CFE1C26C9947E0076A07F /* SearchProfileWebView.swift */; };
		3FB76E7326A0BFFE00AE9484 /* RegistrationFourView.swift in Sources */ = {isa = PBXBuildFile; fileRef = 3FB76E7226A0BFFE00AE9484 /* RegistrationFourView.swift */; };
		3FB76E7526A0C63400AE9484 /* RegistrationFiveView.swift in Sources */ = {isa = PBXBuildFile; fileRef = 3FB76E7426A0C63400AE9484 /* RegistrationFiveView.swift */; };
		3FB76E7826A0E46900AE9484 /* SearchProfileView.swift in Sources */ = {isa = PBXBuildFile; fileRef = 3FB76E7726A0E46900AE9484 /* SearchProfileView.swift */; };
		3FB76E7B26A0E4F200AE9484 /* SearchProfileInfoPanelView.swift in Sources */ = {isa = PBXBuildFile; fileRef = 3FB76E7A26A0E4F200AE9484 /* SearchProfileInfoPanelView.swift */; };
		3FB76E7D26A0E68100AE9484 /* SearchProfileTagsPanelView.swift in Sources */ = {isa = PBXBuildFile; fileRef = 3FB76E7C26A0E68100AE9484 /* SearchProfileTagsPanelView.swift */; };
		3FD92DE2269F9F4400798FC9 /* SearchBarView.swift in Sources */ = {isa = PBXBuildFile; fileRef = 3FD92DE1269F9F4400798FC9 /* SearchBarView.swift */; };
		3FD92DE4269F9F6000798FC9 /* SearchResultView.swift in Sources */ = {isa = PBXBuildFile; fileRef = 3FD92DE3269F9F6000798FC9 /* SearchResultView.swift */; };
		3FD92DE6269FAF7900798FC9 /* RegistrationOneView.swift in Sources */ = {isa = PBXBuildFile; fileRef = 3FD92DE5269FAF7900798FC9 /* RegistrationOneView.swift */; };
		3FD92DE8269FAFAC00798FC9 /* RegistrationTwoView.swift in Sources */ = {isa = PBXBuildFile; fileRef = 3FD92DE7269FAFAC00798FC9 /* RegistrationTwoView.swift */; };
		3FD92DEA269FAFBD00798FC9 /* RegistrationThreeView.swift in Sources */ = {isa = PBXBuildFile; fileRef = 3FD92DE9269FAFBD00798FC9 /* RegistrationThreeView.swift */; };
		ED47AD4690B7A36DB9C52028 /* Pods_Forist_Test_SwiftUI.framework in Frameworks */ = {isa = PBXBuildFile; fileRef = A5285B17CF682EB0A2710836 /* Pods_Forist_Test_SwiftUI.framework */; };
/* End PBXBuildFile section */

/* Begin PBXFileReference section */
		3F1161A6269F4E5900EBEB8E /* Forist-Test-SwiftUI.app */ = {isa = PBXFileReference; explicitFileType = wrapper.application; includeInIndex = 0; path = "Forist-Test-SwiftUI.app"; sourceTree = BUILT_PRODUCTS_DIR; };
		3F1161A9269F4E5900EBEB8E /* Forist_Test_SwiftUIApp.swift */ = {isa = PBXFileReference; lastKnownFileType = sourcecode.swift; path = Forist_Test_SwiftUIApp.swift; sourceTree = "<group>"; };
		3F1161AB269F4E5900EBEB8E /* MotherView.swift */ = {isa = PBXFileReference; lastKnownFileType = sourcecode.swift; path = MotherView.swift; sourceTree = "<group>"; };
		3F1161AD269F4E5900EBEB8E /* Assets.xcassets */ = {isa = PBXFileReference; lastKnownFileType = folder.assetcatalog; path = Assets.xcassets; sourceTree = "<group>"; };
		3F1161B0269F4E5900EBEB8E /* Preview Assets.xcassets */ = {isa = PBXFileReference; lastKnownFileType = folder.assetcatalog; path = "Preview Assets.xcassets"; sourceTree = "<group>"; };
		3F1161B2269F4E5900EBEB8E /* Info.plist */ = {isa = PBXFileReference; lastKnownFileType = text.plist.xml; path = Info.plist; sourceTree = "<group>"; };
		3F26B4DD26AF153D00AEBA59 /* ChangePasswordView.swift */ = {isa = PBXFileReference; lastKnownFileType = sourcecode.swift; path = ChangePasswordView.swift; sourceTree = "<group>"; };
		3F26B4DF26AF154900AEBA59 /* ChangeProfileImageView.swift */ = {isa = PBXFileReference; lastKnownFileType = sourcecode.swift; path = ChangeProfileImageView.swift; sourceTree = "<group>"; };
		3F26B4E326AF238C00AEBA59 /* ChangeBioView.swift */ = {isa = PBXFileReference; lastKnownFileType = sourcecode.swift; path = ChangeBioView.swift; sourceTree = "<group>"; };
		3F26B4E526B09F8E00AEBA59 /* AccountSettingsManager.swift */ = {isa = PBXFileReference; lastKnownFileType = sourcecode.swift; path = AccountSettingsManager.swift; sourceTree = "<group>"; };
		3F35BDDA26BC0FE000BB3A93 /* ChatroomManager.swift */ = {isa = PBXFileReference; lastKnownFileType = sourcecode.swift; path = ChatroomManager.swift; sourceTree = "<group>"; };
		3F35BDDE26C014B300BB3A93 /* NewMessagePopupView.swift */ = {isa = PBXFileReference; lastKnownFileType = sourcecode.swift; path = NewMessagePopupView.swift; sourceTree = "<group>"; };
		3F35BDE126C02C5F00BB3A93 /* MessagesManager.swift */ = {isa = PBXFileReference; lastKnownFileType = sourcecode.swift; path = MessagesManager.swift; sourceTree = "<group>"; };
		3F35BDE426C0399E00BB3A93 /* MessageView.swift */ = {isa = PBXFileReference; lastKnownFileType = sourcecode.swift; path = MessageView.swift; sourceTree = "<group>"; };
		3F48F58C26A20F2F00379A50 /* ImagePicker.swift */ = {isa = PBXFileReference; lastKnownFileType = sourcecode.swift; path = ImagePicker.swift; sourceTree = "<group>"; };
		3F48F58E26A32BBB00379A50 /* UserModel.swift */ = {isa = PBXFileReference; lastKnownFileType = sourcecode.swift; path = UserModel.swift; sourceTree = "<group>"; };
		3F48F59026A32D8400379A50 /* Extensions.swift */ = {isa = PBXFileReference; lastKnownFileType = sourcecode.swift; path = Extensions.swift; sourceTree = "<group>"; };
		3F48F59226A341DC00379A50 /* StorageManager.swift */ = {isa = PBXFileReference; lastKnownFileType = sourcecode.swift; path = StorageManager.swift; sourceTree = "<group>"; };
		3F48F59426A341E500379A50 /* AuthManager.swift */ = {isa = PBXFileReference; lastKnownFileType = sourcecode.swift; path = AuthManager.swift; sourceTree = "<group>"; };
		3F48F59626A3761800379A50 /* GenderSelectionView.swift */ = {isa = PBXFileReference; lastKnownFileType = sourcecode.swift; path = GenderSelectionView.swift; sourceTree = "<group>"; };
		3F48F59B26A60DA500379A50 /* AccountCreationModel.swift */ = {isa = PBXFileReference; lastKnownFileType = sourcecode.swift; path = AccountCreationModel.swift; sourceTree = "<group>"; };
		3F48F5A026A7483500379A50 /* AlertModel.swift */ = {isa = PBXFileReference; lastKnownFileType = sourcecode.swift; path = AlertModel.swift; sourceTree = "<group>"; };
		3F48F5A226A7584300379A50 /* GenderDictionaryModel.swift */ = {isa = PBXFileReference; lastKnownFileType = sourcecode.swift; path = GenderDictionaryModel.swift; sourceTree = "<group>"; };
		3F4F7257269F537E00185C35 /* GoogleService-Info.plist */ = {isa = PBXFileReference; fileEncoding = 4; lastKnownFileType = text.plist.xml; path = "GoogleService-Info.plist"; sourceTree = "<group>"; };
		3F4F725F269F572600185C35 /* NavigationManager.swift */ = {isa = PBXFileReference; lastKnownFileType = sourcecode.swift; path = NavigationManager.swift; sourceTree = "<group>"; };
		3F4F7261269F73D300185C35 /* ProfileView.swift */ = {isa = PBXFileReference; lastKnownFileType = sourcecode.swift; path = ProfileView.swift; sourceTree = "<group>"; };
		3F4F7263269F73E000185C35 /* LoginView.swift */ = {isa = PBXFileReference; lastKnownFileType = sourcecode.swift; path = LoginView.swift; sourceTree = "<group>"; };
		3F4F7265269F73F500185C35 /* MessagesListView.swift */ = {isa = PBXFileReference; lastKnownFileType = sourcecode.swift; path = MessagesListView.swift; sourceTree = "<group>"; };
		3F4F7268269F740600185C35 /* SearchView.swift */ = {isa = PBXFileReference; lastKnownFileType = sourcecode.swift; path = SearchView.swift; sourceTree = "<group>"; };
		3F4F726C269F74A300185C35 /* NotificationView.swift */ = {isa = PBXFileReference; lastKnownFileType = sourcecode.swift; path = NotificationView.swift; sourceTree = "<group>"; };
		3F4F726F269F74FB00185C35 /* LoadView.swift */ = {isa = PBXFileReference; lastKnownFileType = sourcecode.swift; path = LoadView.swift; sourceTree = "<group>"; };
		3F4F7272269F756300185C35 /* TabBarView.swift */ = {isa = PBXFileReference; lastKnownFileType = sourcecode.swift; path = TabBarView.swift; sourceTree = "<group>"; };
		3F4F7276269F7A7100185C35 /* MenuButtonView.swift */ = {isa = PBXFileReference; lastKnownFileType = sourcecode.swift; path = MenuButtonView.swift; sourceTree = "<group>"; };
		3F4F7279269F7BE700185C35 /* ToggleVariablesModel.swift */ = {isa = PBXFileReference; lastKnownFileType = sourcecode.swift; path = ToggleVariablesModel.swift; sourceTree = "<group>"; };
		3F4F727B269F7ED100185C35 /* SideMenuHeaderView.swift */ = {isa = PBXFileReference; lastKnownFileType = sourcecode.swift; path = SideMenuHeaderView.swift; sourceTree = "<group>"; };
		3F4F727D269F7EE700185C35 /* SideMenuButtonsView.swift */ = {isa = PBXFileReference; lastKnownFileType = sourcecode.swift; path = SideMenuButtonsView.swift; sourceTree = "<group>"; };
		3F4F727F269F7FA100185C35 /* SideMenuView.swift */ = {isa = PBXFileReference; lastKnownFileType = sourcecode.swift; path = SideMenuView.swift; sourceTree = "<group>"; };
		3F4F7282269F87A800185C35 /* InfoPanelView.swift */ = {isa = PBXFileReference; lastKnownFileType = sourcecode.swift; path = InfoPanelView.swift; sourceTree = "<group>"; };
		3F4F7284269F8DB900185C35 /* TagsPanelView.swift */ = {isa = PBXFileReference; lastKnownFileType = sourcecode.swift; path = TagsPanelView.swift; sourceTree = "<group>"; };
		3F4F7287269F8F7100185C35 /* TagSelectionView.swift */ = {isa = PBXFileReference; lastKnownFileType = sourcecode.swift; path = TagSelectionView.swift; sourceTree = "<group>"; };
		3F87E19C26A8B42E00F15671 /* Notes.swift */ = {isa = PBXFileReference; lastKnownFileType = sourcecode.swift; path = Notes.swift; sourceTree = "<group>"; };
		3F87E19E26A9B28100F15671 /* ContentTagsModel.swift */ = {isa = PBXFileReference; lastKnownFileType = sourcecode.swift; path = ContentTagsModel.swift; sourceTree = "<group>"; };
		3F87E1A126A9D5A400F15671 /* SettingsView.swift */ = {isa = PBXFileReference; lastKnownFileType = sourcecode.swift; path = SettingsView.swift; sourceTree = "<group>"; };
		3F87E1A326AB081200F15671 /* SearchManager.swift */ = {isa = PBXFileReference; lastKnownFileType = sourcecode.swift; path = SearchManager.swift; sourceTree = "<group>"; };
		3F87E1A526AB0BC600F15671 /* SearchedUserModel.swift */ = {isa = PBXFileReference; lastKnownFileType = sourcecode.swift; path = SearchedUserModel.swift; sourceTree = "<group>"; };
		3F87E1AA26AB808800F15671 /* SearchFilterView.swift */ = {isa = PBXFileReference; lastKnownFileType = sourcecode.swift; path = SearchFilterView.swift; sourceTree = "<group>"; };
		3F87E1AC26AB80C400F15671 /* CheckBoxView.swift */ = {isa = PBXFileReference; lastKnownFileType = sourcecode.swift; path = CheckBoxView.swift; sourceTree = "<group>"; };
		3F8CFE1126C313320076A07F /* FilteredSearchManager.swift */ = {isa = PBXFileReference; lastKnownFileType = sourcecode.swift; path = FilteredSearchManager.swift; sourceTree = "<group>"; };
		3F8CFE1326C46C4A0076A07F /* SearchFilterResultsView.swift */ = {isa = PBXFileReference; lastKnownFileType = sourcecode.swift; path = SearchFilterResultsView.swift; sourceTree = "<group>"; };
		3F8CFE1526C5B1EE0076A07F /* WebView.swift */ = {isa = PBXFileReference; lastKnownFileType = sourcecode.swift; path = WebView.swift; sourceTree = "<group>"; };
		3F8CFE1726C5B3670076A07F /* WebPageView.swift */ = {isa = PBXFileReference; lastKnownFileType = sourcecode.swift; path = WebPageView.swift; sourceTree = "<group>"; };
		3F8CFE1A26C6C22E0076A07F /* ChangeWebAddressView.swift */ = {isa = PBXFileReference; lastKnownFileType = sourcecode.swift; path = ChangeWebAddressView.swift; sourceTree = "<group>"; };
		3F8CFE1C26C9947E0076A07F /* SearchProfileWebView.swift */ = {isa = PBXFileReference; lastKnownFileType = sourcecode.swift; path = SearchProfileWebView.swift; sourceTree = "<group>"; };
		3FB76E7226A0BFFE00AE9484 /* RegistrationFourView.swift */ = {isa = PBXFileReference; lastKnownFileType = sourcecode.swift; path = RegistrationFourView.swift; sourceTree = "<group>"; };
		3FB76E7426A0C63400AE9484 /* RegistrationFiveView.swift */ = {isa = PBXFileReference; lastKnownFileType = sourcecode.swift; path = RegistrationFiveView.swift; sourceTree = "<group>"; };
		3FB76E7726A0E46900AE9484 /* SearchProfileView.swift */ = {isa = PBXFileReference; lastKnownFileType = sourcecode.swift; path = SearchProfileView.swift; sourceTree = "<group>"; };
		3FB76E7A26A0E4F200AE9484 /* SearchProfileInfoPanelView.swift */ = {isa = PBXFileReference; lastKnownFileType = sourcecode.swift; path = SearchProfileInfoPanelView.swift; sourceTree = "<group>"; };
		3FB76E7C26A0E68100AE9484 /* SearchProfileTagsPanelView.swift */ = {isa = PBXFileReference; lastKnownFileType = sourcecode.swift; path = SearchProfileTagsPanelView.swift; sourceTree = "<group>"; };
		3FD92DE1269F9F4400798FC9 /* SearchBarView.swift */ = {isa = PBXFileReference; lastKnownFileType = sourcecode.swift; path = SearchBarView.swift; sourceTree = "<group>"; };
		3FD92DE3269F9F6000798FC9 /* SearchResultView.swift */ = {isa = PBXFileReference; lastKnownFileType = sourcecode.swift; path = SearchResultView.swift; sourceTree = "<group>"; };
		3FD92DE5269FAF7900798FC9 /* RegistrationOneView.swift */ = {isa = PBXFileReference; lastKnownFileType = sourcecode.swift; path = RegistrationOneView.swift; sourceTree = "<group>"; };
		3FD92DE7269FAFAC00798FC9 /* RegistrationTwoView.swift */ = {isa = PBXFileReference; lastKnownFileType = sourcecode.swift; path = RegistrationTwoView.swift; sourceTree = "<group>"; };
		3FD92DE9269FAFBD00798FC9 /* RegistrationThreeView.swift */ = {isa = PBXFileReference; lastKnownFileType = sourcecode.swift; path = RegistrationThreeView.swift; sourceTree = "<group>"; };
		437F1D8627F6FCD5436377CF /* Pods-Forist-Test-SwiftUI.release.xcconfig */ = {isa = PBXFileReference; includeInIndex = 1; lastKnownFileType = text.xcconfig; name = "Pods-Forist-Test-SwiftUI.release.xcconfig"; path = "Target Support Files/Pods-Forist-Test-SwiftUI/Pods-Forist-Test-SwiftUI.release.xcconfig"; sourceTree = "<group>"; };
		A5285B17CF682EB0A2710836 /* Pods_Forist_Test_SwiftUI.framework */ = {isa = PBXFileReference; explicitFileType = wrapper.framework; includeInIndex = 0; path = Pods_Forist_Test_SwiftUI.framework; sourceTree = BUILT_PRODUCTS_DIR; };
		EC0A554CAC51C2DA7AC1126D /* Pods-Forist-Test-SwiftUI.debug.xcconfig */ = {isa = PBXFileReference; includeInIndex = 1; lastKnownFileType = text.xcconfig; name = "Pods-Forist-Test-SwiftUI.debug.xcconfig"; path = "Target Support Files/Pods-Forist-Test-SwiftUI/Pods-Forist-Test-SwiftUI.debug.xcconfig"; sourceTree = "<group>"; };
/* End PBXFileReference section */

/* Begin PBXFrameworksBuildPhase section */
		3F1161A3269F4E5900EBEB8E /* Frameworks */ = {
			isa = PBXFrameworksBuildPhase;
			buildActionMask = 2147483647;
			files = (
				ED47AD4690B7A36DB9C52028 /* Pods_Forist_Test_SwiftUI.framework in Frameworks */,
			);
			runOnlyForDeploymentPostprocessing = 0;
		};
/* End PBXFrameworksBuildPhase section */

/* Begin PBXGroup section */
		249A92EE3BA25B1DD5170F49 /* Frameworks */ = {
			isa = PBXGroup;
			children = (
				A5285B17CF682EB0A2710836 /* Pods_Forist_Test_SwiftUI.framework */,
			);
			name = Frameworks;
			sourceTree = "<group>";
		};
		3F11619D269F4E5900EBEB8E = {
			isa = PBXGroup;
			children = (
				3F1161A8269F4E5900EBEB8E /* Forist-Test-SwiftUI */,
				3F1161A7269F4E5900EBEB8E /* Products */,
				63A120537677BF31E305C015 /* Pods */,
				249A92EE3BA25B1DD5170F49 /* Frameworks */,
			);
			sourceTree = "<group>";
		};
		3F1161A7269F4E5900EBEB8E /* Products */ = {
			isa = PBXGroup;
			children = (
				3F1161A6269F4E5900EBEB8E /* Forist-Test-SwiftUI.app */,
			);
			name = Products;
			sourceTree = "<group>";
		};
		3F1161A8269F4E5900EBEB8E /* Forist-Test-SwiftUI */ = {
			isa = PBXGroup;
			children = (
				3F87E19C26A8B42E00F15671 /* Notes.swift */,
				3F48F58B26A20F1C00379A50 /* Utilities */,
				3F4F7278269F7BC900185C35 /* Data Models */,
				3F4F726A269F741400185C35 /* Managers */,
				3F4F725A269F56B300185C35 /* Views */,
				3F1161A9269F4E5900EBEB8E /* Forist_Test_SwiftUIApp.swift */,
				3F1161AD269F4E5900EBEB8E /* Assets.xcassets */,
				3F1161B2269F4E5900EBEB8E /* Info.plist */,
				3F4F7257269F537E00185C35 /* GoogleService-Info.plist */,
				3F1161AF269F4E5900EBEB8E /* Preview Content */,
			);
			path = "Forist-Test-SwiftUI";
			sourceTree = "<group>";
		};
		3F1161AF269F4E5900EBEB8E /* Preview Content */ = {
			isa = PBXGroup;
			children = (
				3F1161B0269F4E5900EBEB8E /* Preview Assets.xcassets */,
			);
			path = "Preview Content";
			sourceTree = "<group>";
		};
		3F26B4DC26AF152400AEBA59 /* Settings Menu Components */ = {
			isa = PBXGroup;
			children = (
				3F26B4DD26AF153D00AEBA59 /* ChangePasswordView.swift */,
				3F26B4DF26AF154900AEBA59 /* ChangeProfileImageView.swift */,
				3F26B4E326AF238C00AEBA59 /* ChangeBioView.swift */,
			);
			path = "Settings Menu Components";
			sourceTree = "<group>";
		};
		3F35BDE026C01F2D00BB3A93 /* New Message Popup */ = {
			isa = PBXGroup;
			children = (
				3F35BDDE26C014B300BB3A93 /* NewMessagePopupView.swift */,
			);
			path = "New Message Popup";
			sourceTree = "<group>";
		};
		3F35BDE326C0397E00BB3A93 /* Message */ = {
			isa = PBXGroup;
			children = (
				3F35BDE426C0399E00BB3A93 /* MessageView.swift */,
			);
			path = Message;
			sourceTree = "<group>";
		};
		3F48F58B26A20F1C00379A50 /* Utilities */ = {
			isa = PBXGroup;
			children = (
				3F48F58C26A20F2F00379A50 /* ImagePicker.swift */,
				3F48F59026A32D8400379A50 /* Extensions.swift */,
				3F8CFE1526C5B1EE0076A07F /* WebView.swift */,
			);
			path = Utilities;
			sourceTree = "<group>";
		};
		3F48F59826A37AC200379A50 /* Components */ = {
			isa = PBXGroup;
			children = (
				3F48F59626A3761800379A50 /* GenderSelectionView.swift */,
			);
			path = Components;
			sourceTree = "<group>";
		};
		3F4F725A269F56B300185C35 /* Views */ = {
			isa = PBXGroup;
			children = (
				3F1161AB269F4E5900EBEB8E /* MotherView.swift */,
				3F4F7271269F754E00185C35 /* View Components */,
				3F4F726E269F74E400185C35 /* Load */,
				3F4F725B269F56C100185C35 /* Login + Register */,
				3F4F725C269F56DB00185C35 /* Profile */,
				3F4F725D269F56E200185C35 /* Messaging */,
				3F4F726B269F746E00185C35 /* Notifications */,
				3F4F725E269F56EC00185C35 /* Search */,
			);
			path = Views;
			sourceTree = "<group>";
		};
		3F4F725B269F56C100185C35 /* Login + Register */ = {
			isa = PBXGroup;
			children = (
				3F4F7263269F73E000185C35 /* LoginView.swift */,
				3FD92DE5269FAF7900798FC9 /* RegistrationOneView.swift */,
				3FD92DE7269FAFAC00798FC9 /* RegistrationTwoView.swift */,
				3FD92DE9269FAFBD00798FC9 /* RegistrationThreeView.swift */,
				3FB76E7226A0BFFE00AE9484 /* RegistrationFourView.swift */,
				3FB76E7426A0C63400AE9484 /* RegistrationFiveView.swift */,
				3F48F59826A37AC200379A50 /* Components */,
			);
			path = "Login + Register";
			sourceTree = "<group>";
		};
		3F4F725C269F56DB00185C35 /* Profile */ = {
			isa = PBXGroup;
			children = (
				3F4F7261269F73D300185C35 /* ProfileView.swift */,
				3F4F7275269F7A4900185C35 /* Profile View Components */,
				3F8CFE1926C6C1FB0076A07F /* Change Web Address */,
				3F87E1A026A9D56F00F15671 /* Settings Menu */,
				3F4F7286269F8F4C00185C35 /* Content Tag Selection */,
			);
			path = Profile;
			sourceTree = "<group>";
		};
		3F4F725D269F56E200185C35 /* Messaging */ = {
			isa = PBXGroup;
			children = (
				3F4F7265269F73F500185C35 /* MessagesListView.swift */,
				3F35BDE326C0397E00BB3A93 /* Message */,
				3F35BDE026C01F2D00BB3A93 /* New Message Popup */,
			);
			path = Messaging;
			sourceTree = "<group>";
		};
		3F4F725E269F56EC00185C35 /* Search */ = {
			isa = PBXGroup;
			children = (
				3F4F7268269F740600185C35 /* SearchView.swift */,
				3FD92DE0269F9F2800798FC9 /* Search View Components */,
				3F87E1A926AB803900F15671 /* Search Filter */,
				3FB76E7626A0E44100AE9484 /* Search Profile */,
			);
			path = Search;
			sourceTree = "<group>";
		};
		3F4F726A269F741400185C35 /* Managers */ = {
			isa = PBXGroup;
			children = (
				3F4F725F269F572600185C35 /* NavigationManager.swift */,
				3F48F59226A341DC00379A50 /* StorageManager.swift */,
				3F48F59426A341E500379A50 /* AuthManager.swift */,
				3F87E1A326AB081200F15671 /* SearchManager.swift */,
				3F8CFE1126C313320076A07F /* FilteredSearchManager.swift */,
				3F26B4E526B09F8E00AEBA59 /* AccountSettingsManager.swift */,
				3F35BDDA26BC0FE000BB3A93 /* ChatroomManager.swift */,
				3F35BDE126C02C5F00BB3A93 /* MessagesManager.swift */,
			);
			path = Managers;
			sourceTree = "<group>";
		};
		3F4F726B269F746E00185C35 /* Notifications */ = {
			isa = PBXGroup;
			children = (
				3F4F726C269F74A300185C35 /* NotificationView.swift */,
			);
			path = Notifications;
			sourceTree = "<group>";
		};
		3F4F726E269F74E400185C35 /* Load */ = {
			isa = PBXGroup;
			children = (
				3F4F726F269F74FB00185C35 /* LoadView.swift */,
			);
			path = Load;
			sourceTree = "<group>";
		};
		3F4F7271269F754E00185C35 /* View Components */ = {
			isa = PBXGroup;
			children = (
				3F4F7272269F756300185C35 /* TabBarView.swift */,
				3F87E1AC26AB80C400F15671 /* CheckBoxView.swift */,
			);
			path = "View Components";
			sourceTree = "<group>";
		};
		3F4F7274269F794100185C35 /* Side Menu */ = {
			isa = PBXGroup;
			children = (
				3F4F727F269F7FA100185C35 /* SideMenuView.swift */,
				3F4F7281269F803100185C35 /* Side Menu Components */,
			);
			path = "Side Menu";
			sourceTree = "<group>";
		};
		3F4F7275269F7A4900185C35 /* Profile View Components */ = {
			isa = PBXGroup;
			children = (
				3F4F7276269F7A7100185C35 /* MenuButtonView.swift */,
				3F4F7282269F87A800185C35 /* InfoPanelView.swift */,
				3F4F7284269F8DB900185C35 /* TagsPanelView.swift */,
				3F8CFE1726C5B3670076A07F /* WebPageView.swift */,
				3F4F7274269F794100185C35 /* Side Menu */,
			);
			path = "Profile View Components";
			sourceTree = "<group>";
		};
		3F4F7278269F7BC900185C35 /* Data Models */ = {
			isa = PBXGroup;
			children = (
				3F48F58E26A32BBB00379A50 /* UserModel.swift */,
				3F87E1A526AB0BC600F15671 /* SearchedUserModel.swift */,
				3F48F59B26A60DA500379A50 /* AccountCreationModel.swift */,
				3F4F7279269F7BE700185C35 /* ToggleVariablesModel.swift */,
				3F48F5A026A7483500379A50 /* AlertModel.swift */,
				3F48F5A226A7584300379A50 /* GenderDictionaryModel.swift */,
				3F87E19E26A9B28100F15671 /* ContentTagsModel.swift */,
			);
			path = "Data Models";
			sourceTree = "<group>";
		};
		3F4F7281269F803100185C35 /* Side Menu Components */ = {
			isa = PBXGroup;
			children = (
				3F4F727B269F7ED100185C35 /* SideMenuHeaderView.swift */,
				3F4F727D269F7EE700185C35 /* SideMenuButtonsView.swift */,
			);
			path = "Side Menu Components";
			sourceTree = "<group>";
		};
		3F4F7286269F8F4C00185C35 /* Content Tag Selection */ = {
			isa = PBXGroup;
			children = (
				3F4F7287269F8F7100185C35 /* TagSelectionView.swift */,
			);
			path = "Content Tag Selection";
			sourceTree = "<group>";
		};
		3F87E1A026A9D56F00F15671 /* Settings Menu */ = {
			isa = PBXGroup;
			children = (
				3F87E1A126A9D5A400F15671 /* SettingsView.swift */,
				3F26B4DC26AF152400AEBA59 /* Settings Menu Components */,
			);
			path = "Settings Menu";
			sourceTree = "<group>";
		};
		3F87E1A926AB803900F15671 /* Search Filter */ = {
			isa = PBXGroup;
			children = (
				3F87E1AA26AB808800F15671 /* SearchFilterView.swift */,
				3F8CFE1326C46C4A0076A07F /* SearchFilterResultsView.swift */,
			);
			path = "Search Filter";
			sourceTree = "<group>";
		};
		3F8CFE1926C6C1FB0076A07F /* Change Web Address */ = {
			isa = PBXGroup;
			children = (
				3F8CFE1A26C6C22E0076A07F /* ChangeWebAddressView.swift */,
			);
			path = "Change Web Address";
			sourceTree = "<group>";
		};
		3FB76E7626A0E44100AE9484 /* Search Profile */ = {
			isa = PBXGroup;
			children = (
				3FB76E7726A0E46900AE9484 /* SearchProfileView.swift */,
				3FB76E7926A0E47500AE9484 /* SearchProfileViewComponents */,
			);
			path = "Search Profile";
			sourceTree = "<group>";
		};
		3FB76E7926A0E47500AE9484 /* SearchProfileViewComponents */ = {
			isa = PBXGroup;
			children = (
				3FB76E7A26A0E4F200AE9484 /* SearchProfileInfoPanelView.swift */,
				3FB76E7C26A0E68100AE9484 /* SearchProfileTagsPanelView.swift */,
				3F8CFE1C26C9947E0076A07F /* SearchProfileWebView.swift */,
			);
			path = SearchProfileViewComponents;
			sourceTree = "<group>";
		};
		3FD92DE0269F9F2800798FC9 /* Search View Components */ = {
			isa = PBXGroup;
			children = (
				3FD92DE1269F9F4400798FC9 /* SearchBarView.swift */,
				3FD92DE3269F9F6000798FC9 /* SearchResultView.swift */,
			);
			path = "Search View Components";
			sourceTree = "<group>";
		};
		63A120537677BF31E305C015 /* Pods */ = {
			isa = PBXGroup;
			children = (
				EC0A554CAC51C2DA7AC1126D /* Pods-Forist-Test-SwiftUI.debug.xcconfig */,
				437F1D8627F6FCD5436377CF /* Pods-Forist-Test-SwiftUI.release.xcconfig */,
			);
			path = Pods;
			sourceTree = "<group>";
		};
/* End PBXGroup section */

/* Begin PBXNativeTarget section */
		3F1161A5269F4E5900EBEB8E /* Forist-Test-SwiftUI */ = {
			isa = PBXNativeTarget;
			buildConfigurationList = 3F1161B5269F4E5900EBEB8E /* Build configuration list for PBXNativeTarget "Forist-Test-SwiftUI" */;
			buildPhases = (
				FBC7ACFF85EEF41E16ADE576 /* [CP] Check Pods Manifest.lock */,
				3F1161A2269F4E5900EBEB8E /* Sources */,
				3F1161A3269F4E5900EBEB8E /* Frameworks */,
				3F1161A4269F4E5900EBEB8E /* Resources */,
				15E68CA128F4509939474645 /* [CP] Embed Pods Frameworks */,
			);
			buildRules = (
			);
			dependencies = (
			);
			name = "Forist-Test-SwiftUI";
			productName = "Forist-Test-SwiftUI";
			productReference = 3F1161A6269F4E5900EBEB8E /* Forist-Test-SwiftUI.app */;
			productType = "com.apple.product-type.application";
		};
/* End PBXNativeTarget section */

/* Begin PBXProject section */
		3F11619E269F4E5900EBEB8E /* Project object */ = {
			isa = PBXProject;
			attributes = {
				LastSwiftUpdateCheck = 1250;
				LastUpgradeCheck = 1250;
				TargetAttributes = {
					3F1161A5269F4E5900EBEB8E = {
						CreatedOnToolsVersion = 12.5.1;
					};
				};
			};
			buildConfigurationList = 3F1161A1269F4E5900EBEB8E /* Build configuration list for PBXProject "Forist-Test-SwiftUI" */;
			compatibilityVersion = "Xcode 9.3";
			developmentRegion = en;
			hasScannedForEncodings = 0;
			knownRegions = (
				en,
				Base,
			);
			mainGroup = 3F11619D269F4E5900EBEB8E;
			productRefGroup = 3F1161A7269F4E5900EBEB8E /* Products */;
			projectDirPath = "";
			projectRoot = "";
			targets = (
				3F1161A5269F4E5900EBEB8E /* Forist-Test-SwiftUI */,
			);
		};
/* End PBXProject section */

/* Begin PBXResourcesBuildPhase section */
		3F1161A4269F4E5900EBEB8E /* Resources */ = {
			isa = PBXResourcesBuildPhase;
			buildActionMask = 2147483647;
			files = (
				3F1161B1269F4E5900EBEB8E /* Preview Assets.xcassets in Resources */,
				3F1161AE269F4E5900EBEB8E /* Assets.xcassets in Resources */,
				3F4F7258269F537E00185C35 /* GoogleService-Info.plist in Resources */,
			);
			runOnlyForDeploymentPostprocessing = 0;
		};
/* End PBXResourcesBuildPhase section */

/* Begin PBXShellScriptBuildPhase section */
		15E68CA128F4509939474645 /* [CP] Embed Pods Frameworks */ = {
			isa = PBXShellScriptBuildPhase;
			buildActionMask = 2147483647;
			files = (
			);
			inputFileListPaths = (
				"${PODS_ROOT}/Target Support Files/Pods-Forist-Test-SwiftUI/Pods-Forist-Test-SwiftUI-frameworks-${CONFIGURATION}-input-files.xcfilelist",
			);
			name = "[CP] Embed Pods Frameworks";
			outputFileListPaths = (
				"${PODS_ROOT}/Target Support Files/Pods-Forist-Test-SwiftUI/Pods-Forist-Test-SwiftUI-frameworks-${CONFIGURATION}-output-files.xcfilelist",
			);
			runOnlyForDeploymentPostprocessing = 0;
			shellPath = /bin/sh;
			shellScript = "\"${PODS_ROOT}/Target Support Files/Pods-Forist-Test-SwiftUI/Pods-Forist-Test-SwiftUI-frameworks.sh\"\n";
			showEnvVarsInLog = 0;
		};
		FBC7ACFF85EEF41E16ADE576 /* [CP] Check Pods Manifest.lock */ = {
			isa = PBXShellScriptBuildPhase;
			buildActionMask = 2147483647;
			files = (
			);
			inputFileListPaths = (
			);
			inputPaths = (
				"${PODS_PODFILE_DIR_PATH}/Podfile.lock",
				"${PODS_ROOT}/Manifest.lock",
			);
			name = "[CP] Check Pods Manifest.lock";
			outputFileListPaths = (
			);
			outputPaths = (
				"$(DERIVED_FILE_DIR)/Pods-Forist-Test-SwiftUI-checkManifestLockResult.txt",
			);
			runOnlyForDeploymentPostprocessing = 0;
			shellPath = /bin/sh;
			shellScript = "diff \"${PODS_PODFILE_DIR_PATH}/Podfile.lock\" \"${PODS_ROOT}/Manifest.lock\" > /dev/null\nif [ $? != 0 ] ; then\n    # print error to STDERR\n    echo \"error: The sandbox is not in sync with the Podfile.lock. Run 'pod install' or update your CocoaPods installation.\" >&2\n    exit 1\nfi\n# This output is used by Xcode 'outputs' to avoid re-running this script phase.\necho \"SUCCESS\" > \"${SCRIPT_OUTPUT_FILE_0}\"\n";
			showEnvVarsInLog = 0;
		};
/* End PBXShellScriptBuildPhase section */

/* Begin PBXSourcesBuildPhase section */
		3F1161A2269F4E5900EBEB8E /* Sources */ = {
			isa = PBXSourcesBuildPhase;
			buildActionMask = 2147483647;
			files = (
				3F4F7262269F73D300185C35 /* ProfileView.swift in Sources */,
				3F87E1AB26AB808800F15671 /* SearchFilterView.swift in Sources */,
				3F4F727C269F7ED100185C35 /* SideMenuHeaderView.swift in Sources */,
				3F48F59726A3761800379A50 /* GenderSelectionView.swift in Sources */,
				3F1161AC269F4E5900EBEB8E /* MotherView.swift in Sources */,
				3FD92DE6269FAF7900798FC9 /* RegistrationOneView.swift in Sources */,
				3F4F7266269F73F500185C35 /* MessagesListView.swift in Sources */,
				3F4F7270269F74FB00185C35 /* LoadView.swift in Sources */,
				3F4F7277269F7A7100185C35 /* MenuButtonView.swift in Sources */,
				3F4F726D269F74A300185C35 /* NotificationView.swift in Sources */,
				3F8CFE1826C5B3670076A07F /* WebPageView.swift in Sources */,
				3FB76E7526A0C63400AE9484 /* RegistrationFiveView.swift in Sources */,
				3F4F7269269F740600185C35 /* SearchView.swift in Sources */,
				3F4F7260269F572600185C35 /* NavigationManager.swift in Sources */,
				3F87E19F26A9B28100F15671 /* ContentTagsModel.swift in Sources */,
				3FD92DE4269F9F6000798FC9 /* SearchResultView.swift in Sources */,
				3F4F7285269F8DB900185C35 /* TagsPanelView.swift in Sources */,
				3F26B4E426AF238C00AEBA59 /* ChangeBioView.swift in Sources */,
				3F48F5A326A7584300379A50 /* GenderDictionaryModel.swift in Sources */,
				3F4F7264269F73E000185C35 /* LoginView.swift in Sources */,
				3F4F7283269F87A800185C35 /* InfoPanelView.swift in Sources */,
				3F48F5A126A7483500379A50 /* AlertModel.swift in Sources */,
				3F8CFE1626C5B1EE0076A07F /* WebView.swift in Sources */,
				3F8CFE1B26C6C22E0076A07F /* ChangeWebAddressView.swift in Sources */,
				3FD92DE2269F9F4400798FC9 /* SearchBarView.swift in Sources */,
				3FB76E7826A0E46900AE9484 /* SearchProfileView.swift in Sources */,
				3F26B4DE26AF153D00AEBA59 /* ChangePasswordView.swift in Sources */,
				3F48F58D26A20F2F00379A50 /* ImagePicker.swift in Sources */,
				3FB76E7B26A0E4F200AE9484 /* SearchProfileInfoPanelView.swift in Sources */,
				3F48F59526A341E500379A50 /* AuthManager.swift in Sources */,
				3F48F59126A32D8400379A50 /* Extensions.swift in Sources */,
				3F87E1A226A9D5A400F15671 /* SettingsView.swift in Sources */,
				3FD92DEA269FAFBD00798FC9 /* RegistrationThreeView.swift in Sources */,
				3F87E1A426AB081200F15671 /* SearchManager.swift in Sources */,
				3F26B4E026AF154900AEBA59 /* ChangeProfileImageView.swift in Sources */,
				3F26B4E626B09F8E00AEBA59 /* AccountSettingsManager.swift in Sources */,
				3F4F727E269F7EE700185C35 /* SideMenuButtonsView.swift in Sources */,
				3F87E19D26A8B42E00F15671 /* Notes.swift in Sources */,
				3F4F7273269F756300185C35 /* TabBarView.swift in Sources */,
				3F8CFE1226C313320076A07F /* FilteredSearchManager.swift in Sources */,
				3F4F7280269F7FA100185C35 /* SideMenuView.swift in Sources */,
				3FD92DE8269FAFAC00798FC9 /* RegistrationTwoView.swift in Sources */,
				3F35BDE226C02C5F00BB3A93 /* MessagesManager.swift in Sources */,
				3F1161AA269F4E5900EBEB8E /* Forist_Test_SwiftUIApp.swift in Sources */,
				3FB76E7D26A0E68100AE9484 /* SearchProfileTagsPanelView.swift in Sources */,
				3F4F7288269F8F7100185C35 /* TagSelectionView.swift in Sources */,
				3F4F727A269F7BE700185C35 /* ToggleVariablesModel.swift in Sources */,
				3F8CFE1D26C9947E0076A07F /* SearchProfileWebView.swift in Sources */,
				3F35BDDF26C014B300BB3A93 /* NewMessagePopupView.swift in Sources */,
				3F35BDE526C0399E00BB3A93 /* MessageView.swift in Sources */,
				3F87E1A626AB0BC600F15671 /* SearchedUserModel.swift in Sources */,
				3F35BDDB26BC0FE000BB3A93 /* ChatroomManager.swift in Sources */,
				3F87E1AD26AB80C400F15671 /* CheckBoxView.swift in Sources */,
				3F8CFE1426C46C4A0076A07F /* SearchFilterResultsView.swift in Sources */,
				3F48F59C26A60DA500379A50 /* AccountCreationModel.swift in Sources */,
				3F48F58F26A32BBB00379A50 /* UserModel.swift in Sources */,
				3FB76E7326A0BFFE00AE9484 /* RegistrationFourView.swift in Sources */,
				3F48F59326A341DC00379A50 /* StorageManager.swift in Sources */,
			);
			runOnlyForDeploymentPostprocessing = 0;
		};
/* End PBXSourcesBuildPhase section */

/* Begin XCBuildConfiguration section */
		3F1161B3269F4E5900EBEB8E /* Debug */ = {
			isa = XCBuildConfiguration;
			buildSettings = {
				ALWAYS_SEARCH_USER_PATHS = NO;
				CLANG_ANALYZER_NONNULL = YES;
				CLANG_ANALYZER_NUMBER_OBJECT_CONVERSION = YES_AGGRESSIVE;
				CLANG_CXX_LANGUAGE_STANDARD = "gnu++14";
				CLANG_CXX_LIBRARY = "libc++";
				CLANG_ENABLE_MODULES = YES;
				CLANG_ENABLE_OBJC_ARC = YES;
				CLANG_ENABLE_OBJC_WEAK = YES;
				CLANG_WARN_BLOCK_CAPTURE_AUTORELEASING = YES;
				CLANG_WARN_BOOL_CONVERSION = YES;
				CLANG_WARN_COMMA = YES;
				CLANG_WARN_CONSTANT_CONVERSION = YES;
				CLANG_WARN_DEPRECATED_OBJC_IMPLEMENTATIONS = YES;
				CLANG_WARN_DIRECT_OBJC_ISA_USAGE = YES_ERROR;
				CLANG_WARN_DOCUMENTATION_COMMENTS = YES;
				CLANG_WARN_EMPTY_BODY = YES;
				CLANG_WARN_ENUM_CONVERSION = YES;
				CLANG_WARN_INFINITE_RECURSION = YES;
				CLANG_WARN_INT_CONVERSION = YES;
				CLANG_WARN_NON_LITERAL_NULL_CONVERSION = YES;
				CLANG_WARN_OBJC_IMPLICIT_RETAIN_SELF = YES;
				CLANG_WARN_OBJC_LITERAL_CONVERSION = YES;
				CLANG_WARN_OBJC_ROOT_CLASS = YES_ERROR;
				CLANG_WARN_QUOTED_INCLUDE_IN_FRAMEWORK_HEADER = YES;
				CLANG_WARN_RANGE_LOOP_ANALYSIS = YES;
				CLANG_WARN_STRICT_PROTOTYPES = YES;
				CLANG_WARN_SUSPICIOUS_MOVE = YES;
				CLANG_WARN_UNGUARDED_AVAILABILITY = YES_AGGRESSIVE;
				CLANG_WARN_UNREACHABLE_CODE = YES;
				CLANG_WARN__DUPLICATE_METHOD_MATCH = YES;
				COPY_PHASE_STRIP = NO;
				DEBUG_INFORMATION_FORMAT = dwarf;
				ENABLE_STRICT_OBJC_MSGSEND = YES;
				ENABLE_TESTABILITY = YES;
				GCC_C_LANGUAGE_STANDARD = gnu11;
				GCC_DYNAMIC_NO_PIC = NO;
				GCC_NO_COMMON_BLOCKS = YES;
				GCC_OPTIMIZATION_LEVEL = 0;
				GCC_PREPROCESSOR_DEFINITIONS = (
					"DEBUG=1",
					"$(inherited)",
				);
				GCC_WARN_64_TO_32_BIT_CONVERSION = YES;
				GCC_WARN_ABOUT_RETURN_TYPE = YES_ERROR;
				GCC_WARN_UNDECLARED_SELECTOR = YES;
				GCC_WARN_UNINITIALIZED_AUTOS = YES_AGGRESSIVE;
				GCC_WARN_UNUSED_FUNCTION = YES;
				GCC_WARN_UNUSED_VARIABLE = YES;
				IPHONEOS_DEPLOYMENT_TARGET = 14.5;
				MTL_ENABLE_DEBUG_INFO = INCLUDE_SOURCE;
				MTL_FAST_MATH = YES;
				ONLY_ACTIVE_ARCH = YES;
				SDKROOT = iphoneos;
				SWIFT_ACTIVE_COMPILATION_CONDITIONS = DEBUG;
				SWIFT_OPTIMIZATION_LEVEL = "-Onone";
			};
			name = Debug;
		};
		3F1161B4269F4E5900EBEB8E /* Release */ = {
			isa = XCBuildConfiguration;
			buildSettings = {
				ALWAYS_SEARCH_USER_PATHS = NO;
				CLANG_ANALYZER_NONNULL = YES;
				CLANG_ANALYZER_NUMBER_OBJECT_CONVERSION = YES_AGGRESSIVE;
				CLANG_CXX_LANGUAGE_STANDARD = "gnu++14";
				CLANG_CXX_LIBRARY = "libc++";
				CLANG_ENABLE_MODULES = YES;
				CLANG_ENABLE_OBJC_ARC = YES;
				CLANG_ENABLE_OBJC_WEAK = YES;
				CLANG_WARN_BLOCK_CAPTURE_AUTORELEASING = YES;
				CLANG_WARN_BOOL_CONVERSION = YES;
				CLANG_WARN_COMMA = YES;
				CLANG_WARN_CONSTANT_CONVERSION = YES;
				CLANG_WARN_DEPRECATED_OBJC_IMPLEMENTATIONS = YES;
				CLANG_WARN_DIRECT_OBJC_ISA_USAGE = YES_ERROR;
				CLANG_WARN_DOCUMENTATION_COMMENTS = YES;
				CLANG_WARN_EMPTY_BODY = YES;
				CLANG_WARN_ENUM_CONVERSION = YES;
				CLANG_WARN_INFINITE_RECURSION = YES;
				CLANG_WARN_INT_CONVERSION = YES;
				CLANG_WARN_NON_LITERAL_NULL_CONVERSION = YES;
				CLANG_WARN_OBJC_IMPLICIT_RETAIN_SELF = YES;
				CLANG_WARN_OBJC_LITERAL_CONVERSION = YES;
				CLANG_WARN_OBJC_ROOT_CLASS = YES_ERROR;
				CLANG_WARN_QUOTED_INCLUDE_IN_FRAMEWORK_HEADER = YES;
				CLANG_WARN_RANGE_LOOP_ANALYSIS = YES;
				CLANG_WARN_STRICT_PROTOTYPES = YES;
				CLANG_WARN_SUSPICIOUS_MOVE = YES;
				CLANG_WARN_UNGUARDED_AVAILABILITY = YES_AGGRESSIVE;
				CLANG_WARN_UNREACHABLE_CODE = YES;
				CLANG_WARN__DUPLICATE_METHOD_MATCH = YES;
				COPY_PHASE_STRIP = NO;
				DEBUG_INFORMATION_FORMAT = "dwarf-with-dsym";
				ENABLE_NS_ASSERTIONS = NO;
				ENABLE_STRICT_OBJC_MSGSEND = YES;
				GCC_C_LANGUAGE_STANDARD = gnu11;
				GCC_NO_COMMON_BLOCKS = YES;
				GCC_WARN_64_TO_32_BIT_CONVERSION = YES;
				GCC_WARN_ABOUT_RETURN_TYPE = YES_ERROR;
				GCC_WARN_UNDECLARED_SELECTOR = YES;
				GCC_WARN_UNINITIALIZED_AUTOS = YES_AGGRESSIVE;
				GCC_WARN_UNUSED_FUNCTION = YES;
				GCC_WARN_UNUSED_VARIABLE = YES;
				IPHONEOS_DEPLOYMENT_TARGET = 14.5;
				MTL_ENABLE_DEBUG_INFO = NO;
				MTL_FAST_MATH = YES;
				SDKROOT = iphoneos;
				SWIFT_COMPILATION_MODE = wholemodule;
				SWIFT_OPTIMIZATION_LEVEL = "-O";
				VALIDATE_PRODUCT = YES;
			};
			name = Release;
		};
		3F1161B6269F4E5900EBEB8E /* Debug */ = {
			isa = XCBuildConfiguration;
			baseConfigurationReference = EC0A554CAC51C2DA7AC1126D /* Pods-Forist-Test-SwiftUI.debug.xcconfig */;
			buildSettings = {
				ASSETCATALOG_COMPILER_APPICON_NAME = AppIcon;
				ASSETCATALOG_COMPILER_GLOBAL_ACCENT_COLOR_NAME = AccentColor;
				CODE_SIGN_STYLE = Automatic;
				DEVELOPMENT_ASSET_PATHS = "\"Forist-Test-SwiftUI/Preview Content\"";
				DEVELOPMENT_TEAM = 42Y4RSD45R;
				ENABLE_PREVIEWS = YES;
				INFOPLIST_FILE = "Forist-Test-SwiftUI/Info.plist";
				IPHONEOS_DEPLOYMENT_TARGET = 14.0;
				LD_RUNPATH_SEARCH_PATHS = (
					"$(inherited)",
					"@executable_path/Frameworks",
				);
				PRODUCT_BUNDLE_IDENTIFIER = "com.haydenwies.Forist-Test-SwiftUI";
				PRODUCT_NAME = "$(TARGET_NAME)";
				SWIFT_VERSION = 5.0;
				TARGETED_DEVICE_FAMILY = "1,2";
			};
			name = Debug;
		};
		3F1161B7269F4E5900EBEB8E /* Release */ = {
			isa = XCBuildConfiguration;
			baseConfigurationReference = 437F1D8627F6FCD5436377CF /* Pods-Forist-Test-SwiftUI.release.xcconfig */;
			buildSettings = {
				ASSETCATALOG_COMPILER_APPICON_NAME = AppIcon;
				ASSETCATALOG_COMPILER_GLOBAL_ACCENT_COLOR_NAME = AccentColor;
				CODE_SIGN_STYLE = Automatic;
				DEVELOPMENT_ASSET_PATHS = "\"Forist-Test-SwiftUI/Preview Content\"";
				DEVELOPMENT_TEAM = 42Y4RSD45R;
				ENABLE_PREVIEWS = YES;
				INFOPLIST_FILE = "Forist-Test-SwiftUI/Info.plist";
				IPHONEOS_DEPLOYMENT_TARGET = 14.0;
				LD_RUNPATH_SEARCH_PATHS = (
					"$(inherited)",
					"@executable_path/Frameworks",
				);
				PRODUCT_BUNDLE_IDENTIFIER = "com.haydenwies.Forist-Test-SwiftUI";
				PRODUCT_NAME = "$(TARGET_NAME)";
				SWIFT_VERSION = 5.0;
				TARGETED_DEVICE_FAMILY = "1,2";
			};
			name = Release;
		};
/* End XCBuildConfiguration section */

/* Begin XCConfigurationList section */
		3F1161A1269F4E5900EBEB8E /* Build configuration list for PBXProject "Forist-Test-SwiftUI" */ = {
			isa = XCConfigurationList;
			buildConfigurations = (
				3F1161B3269F4E5900EBEB8E /* Debug */,
				3F1161B4269F4E5900EBEB8E /* Release */,
			);
			defaultConfigurationIsVisible = 0;
			defaultConfigurationName = Release;
		};
		3F1161B5269F4E5900EBEB8E /* Build configuration list for PBXNativeTarget "Forist-Test-SwiftUI" */ = {
			isa = XCConfigurationList;
			buildConfigurations = (
				3F1161B6269F4E5900EBEB8E /* Debug */,
				3F1161B7269F4E5900EBEB8E /* Release */,
			);
			defaultConfigurationIsVisible = 0;
			defaultConfigurationName = Release;
		};
/* End XCConfigurationList section */
	};
	rootObject = 3F11619E269F4E5900EBEB8E /* Project object */;
}
